
Microsoft Visual Studio Solution File, Format Version 12.00
# Visual Studio Version 16
VisualStudioVersion = 16.0.31105.61
MinimumVisualStudioVersion = 10.0.40219.1
Project("{FAE04EC0-301F-11D3-BF4B-00C04F79EFBC}") = "JuegosDeDamas", "JuegosDeDamas\JuegosDeDamas.csproj", "{5AA4AEF2-0E73-44AE-9926-32AF4FB39227}"
EndProject
Project("{FAE04EC0-301F-11D3-BF4B-00C04F79EFBC}") = "BLL", "BLL\BLL.csproj", "{BD2D8E35-23F2-465A-9A02-9E699112F6DB}"
EndProject
Project("{FAE04EC0-301F-11D3-BF4B-00C04F79EFBC}") = "DAL", "DAL\DAL.csproj", "{0DC51A1D-C236-4EDB-B905-5CF46793F883}"
EndProject
Global
	GlobalSection(SolutionConfigurationPlatforms) = preSolution
		Debug|Any CPU = Debug|Any CPU
		Release|Any CPU = Release|Any CPU
	EndGlobalSection
	GlobalSection(ProjectConfigurationPlatforms) = postSolution
		{5AA4AEF2-0E73-44AE-9926-32AF4FB39227}.Debug|Any CPU.ActiveCfg = Debug|Any CPU
		{5AA4AEF2-0E73-44AE-9926-32AF4FB39227}.Debug|Any CPU.Build.0 = Debug|Any CPU
		{5AA4AEF2-0E73-44AE-9926-32AF4FB39227}.Release|Any CPU.ActiveCfg = Release|Any CPU
		{5AA4AEF2-0E73-44AE-9926-32AF4FB39227}.Release|Any CPU.Build.0 = Release|Any CPU
		{BD2D8E35-23F2-465A-9A02-9E699112F6DB}.Debug|Any CPU.ActiveCfg = Debug|Any CPU
		{BD2D8E35-23F2-465A-9A02-9E699112F6DB}.Debug|Any CPU.Build.0 = Debug|Any CPU
		{BD2D8E35-23F2-465A-9A02-9E699112F6DB}.Release|Any CPU.ActiveCfg = Release|Any CPU
		{BD2D8E35-23F2-465A-9A02-9E699112F6DB}.Release|Any CPU.Build.0 = Release|Any CPU
		{0DC51A1D-C236-4EDB-B905-5CF46793F883}.Debug|Any CPU.ActiveCfg = Debug|Any CPU
		{0DC51A1D-C236-4EDB-B905-5CF46793F883}.Debug|Any CPU.Build.0 = Debug|Any CPU
		{0DC51A1D-C236-4EDB-B905-5CF46793F883}.Release|Any CPU.ActiveCfg = Release|Any CPU
		{0DC51A1D-C236-4EDB-B905-5CF46793F883}.Release|Any CPU.Build.0 = Release|Any CPU
	EndGlobalSection
	GlobalSection(SolutionProperties) = preSolution
		HideSolutionNode = FALSE
	EndGlobalSection
	GlobalSection(ExtensibilityGlobals) = postSolution
		SolutionGuid = {BADEFE59-DE27-412A-89A8-A0FFEF2EFF25}
	EndGlobalSection
EndGlobal
